
Microsoft Visual Studio Solution File, Format Version 12.00
# Visual Studio Version 17
VisualStudioVersion = 17.4.33213.308
MinimumVisualStudioVersion = 10.0.40219.1
Project("{2150E333-8FDC-42A3-9474-1A3956D46DE8}") = "Projektmappenelemente", "Projektmappenelemente", "{715ADD3A-DD6E-416F-9412-ECC251CAA351}"
	ProjectSection(SolutionItems) = preProject
		images\calc_editor.png = images\calc_editor.png
		images\dashboard.png = images\dashboard.png
		images\element_editor.png = images\element_editor.png
		images\form_builder.png = images\form_builder.png
		images\new_form_entry.png = images\new_form_entry.png
		images\new_form_entry_table.png = images\new_form_entry_table.png
		README.MD = README.MD
	EndProjectSection
EndProject
Global
	GlobalSection(SolutionProperties) = preSolution
		HideSolutionNode = FALSE
	EndGlobalSection
	GlobalSection(ExtensibilityGlobals) = postSolution
		SolutionGuid = {B39026DA-A279-4C4F-8570-F8E4AEE77EF8}
	EndGlobalSection
EndGlobal
