
Microsoft Visual Studio Solution File, Format Version 12.00
# Visual Studio Version 17
VisualStudioVersion = 17.4.33213.308
MinimumVisualStudioVersion = 10.0.40219.1
Project("{9A19103F-16F7-4668-BE54-9A1E7A4F7556}") = "FormularPortal", "FormularPortal\FormularPortal.csproj", "{EF55A1F9-55BD-4DBB-A2E8-DDC04484DE6E}"
EndProject
Project("{9A19103F-16F7-4668-BE54-9A1E7A4F7556}") = "FormularPortal.Core", "FormularPortal.Core\FormularPortal.Core.csproj", "{5638E729-F748-4F49-B02D-362ECE3A8447}"
EndProject
Project("{9A19103F-16F7-4668-BE54-9A1E7A4F7556}") = "Plk.Blazor.DragDrop", "Plk.Blazor.DragDrop\Plk.Blazor.DragDrop.csproj", "{6D55BD27-2CA5-4794-A9EB-DC213906F16E}"
EndProject
Project("{2150E333-8FDC-42A3-9474-1A3956D46DE8}") = "Projektmappenelemente", "Projektmappenelemente", "{715ADD3A-DD6E-416F-9412-ECC251CAA351}"
	ProjectSection(SolutionItems) = preProject
		MSSQL_INSTALL.sql = MSSQL_INSTALL.sql
		MYSQL_INSTALL.sql = MYSQL_INSTALL.sql
		README.MD = README.MD
	EndProjectSection
EndProject
Project("{9A19103F-16F7-4668-BE54-9A1E7A4F7556}") = "DatabaseControllerProvider", "DatabaseControllerProvider\DatabaseControllerProvider.csproj", "{3B86A930-FFEE-4F5E-BFA8-DBD329EF596C}"
EndProject
Project("{9A19103F-16F7-4668-BE54-9A1E7A4F7556}") = "FormPortal.Core.Constants", "FormPortal.Core.Constants\FormPortal.Core.Constants.csproj", "{A4CBCA02-3E55-4B37-BAD4-E73C3D7C8454}"
EndProject
Project("{9A19103F-16F7-4668-BE54-9A1E7A4F7556}") = "FormPortal.Core.Interfaces", "FormPortal.Core.Interfaces\FormPortal.Core.Interfaces.csproj", "{8DA3E803-E671-4A1F-A1D5-CB7C4FC1E14F}"
EndProject
Project("{9A19103F-16F7-4668-BE54-9A1E7A4F7556}") = "FormPortal.Core.Filters", "FormPortal.Core.Filters\FormPortal.Core.Filters.csproj", "{073C945B-A420-4D20-9CF7-133557EEFE1F}"
EndProject
Project("{9A19103F-16F7-4668-BE54-9A1E7A4F7556}") = "FormPortal.Core.Models", "FormPortal.Core.Models\FormPortal.Core.Models.csproj", "{590DF287-6ADD-465E-844F-3213305818AC}"
EndProject
Project("{9A19103F-16F7-4668-BE54-9A1E7A4F7556}") = "FormPortal.Core.Validators", "FormPortal.Core.Validators\FormPortal.Core.Validators.csproj", "{D006C9EE-E5A1-49B7-B947-99792D166F4C}"
EndProject
Project("{9A19103F-16F7-4668-BE54-9A1E7A4F7556}") = "FormPortal.Core.Services", "FormPortal.Core.Services\FormPortal.Core.Services.csproj", "{E08023FB-1A38-4D1A-924F-007DF275634D}"
EndProject
Project("{9A19103F-16F7-4668-BE54-9A1E7A4F7556}") = "CKEditor", "CKEditor\CKEditor.csproj", "{E5204AC5-205F-41DB-9BCA-FF35C011389B}"
EndProject
Project("{9A19103F-16F7-4668-BE54-9A1E7A4F7556}") = "FormPortal.Tester", "FormPortal.Tester\FormPortal.Tester.csproj", "{D92AE875-04D1-4323-A2C6-5F3EE66D64B4}"
EndProject
Project("{FAE04EC0-301F-11D3-BF4B-00C04F79EFBC}") = "FormPortal.Core.Pdf", "FormPortal.Core.Pdf\FormPortal.Core.Pdf.csproj", "{A5F51390-8967-4E84-9D74-3F74ABD1B516}"
EndProject
Global
	GlobalSection(SolutionConfigurationPlatforms) = preSolution
		Debug|Any CPU = Debug|Any CPU
		DebugKlein|Any CPU = DebugKlein|Any CPU
		Release|Any CPU = Release|Any CPU
	EndGlobalSection
	GlobalSection(ProjectConfigurationPlatforms) = postSolution
		{EF55A1F9-55BD-4DBB-A2E8-DDC04484DE6E}.Debug|Any CPU.ActiveCfg = Debug|Any CPU
		{EF55A1F9-55BD-4DBB-A2E8-DDC04484DE6E}.Debug|Any CPU.Build.0 = Debug|Any CPU
		{EF55A1F9-55BD-4DBB-A2E8-DDC04484DE6E}.DebugKlein|Any CPU.ActiveCfg = DebugKlein|Any CPU
		{EF55A1F9-55BD-4DBB-A2E8-DDC04484DE6E}.DebugKlein|Any CPU.Build.0 = DebugKlein|Any CPU
		{EF55A1F9-55BD-4DBB-A2E8-DDC04484DE6E}.Release|Any CPU.ActiveCfg = Release|Any CPU
		{EF55A1F9-55BD-4DBB-A2E8-DDC04484DE6E}.Release|Any CPU.Build.0 = Release|Any CPU
		{5638E729-F748-4F49-B02D-362ECE3A8447}.Debug|Any CPU.ActiveCfg = Debug|Any CPU
		{5638E729-F748-4F49-B02D-362ECE3A8447}.Debug|Any CPU.Build.0 = Debug|Any CPU
		{5638E729-F748-4F49-B02D-362ECE3A8447}.DebugKlein|Any CPU.ActiveCfg = DebugKlein|Any CPU
		{5638E729-F748-4F49-B02D-362ECE3A8447}.DebugKlein|Any CPU.Build.0 = DebugKlein|Any CPU
		{5638E729-F748-4F49-B02D-362ECE3A8447}.Release|Any CPU.ActiveCfg = Release|Any CPU
		{5638E729-F748-4F49-B02D-362ECE3A8447}.Release|Any CPU.Build.0 = Release|Any CPU
		{6D55BD27-2CA5-4794-A9EB-DC213906F16E}.Debug|Any CPU.ActiveCfg = Debug|Any CPU
		{6D55BD27-2CA5-4794-A9EB-DC213906F16E}.Debug|Any CPU.Build.0 = Debug|Any CPU
		{6D55BD27-2CA5-4794-A9EB-DC213906F16E}.DebugKlein|Any CPU.ActiveCfg = DebugKlein|Any CPU
		{6D55BD27-2CA5-4794-A9EB-DC213906F16E}.DebugKlein|Any CPU.Build.0 = DebugKlein|Any CPU
		{6D55BD27-2CA5-4794-A9EB-DC213906F16E}.Release|Any CPU.ActiveCfg = Release|Any CPU
		{6D55BD27-2CA5-4794-A9EB-DC213906F16E}.Release|Any CPU.Build.0 = Release|Any CPU
		{3B86A930-FFEE-4F5E-BFA8-DBD329EF596C}.Debug|Any CPU.ActiveCfg = Debug|Any CPU
		{3B86A930-FFEE-4F5E-BFA8-DBD329EF596C}.Debug|Any CPU.Build.0 = Debug|Any CPU
		{3B86A930-FFEE-4F5E-BFA8-DBD329EF596C}.DebugKlein|Any CPU.ActiveCfg = DebugKlein|Any CPU
		{3B86A930-FFEE-4F5E-BFA8-DBD329EF596C}.DebugKlein|Any CPU.Build.0 = DebugKlein|Any CPU
		{3B86A930-FFEE-4F5E-BFA8-DBD329EF596C}.Release|Any CPU.ActiveCfg = Release|Any CPU
		{3B86A930-FFEE-4F5E-BFA8-DBD329EF596C}.Release|Any CPU.Build.0 = Release|Any CPU
		{A4CBCA02-3E55-4B37-BAD4-E73C3D7C8454}.Debug|Any CPU.ActiveCfg = Debug|Any CPU
		{A4CBCA02-3E55-4B37-BAD4-E73C3D7C8454}.Debug|Any CPU.Build.0 = Debug|Any CPU
		{A4CBCA02-3E55-4B37-BAD4-E73C3D7C8454}.DebugKlein|Any CPU.ActiveCfg = Debug|Any CPU
		{A4CBCA02-3E55-4B37-BAD4-E73C3D7C8454}.DebugKlein|Any CPU.Build.0 = Debug|Any CPU
		{A4CBCA02-3E55-4B37-BAD4-E73C3D7C8454}.Release|Any CPU.ActiveCfg = Release|Any CPU
		{A4CBCA02-3E55-4B37-BAD4-E73C3D7C8454}.Release|Any CPU.Build.0 = Release|Any CPU
		{8DA3E803-E671-4A1F-A1D5-CB7C4FC1E14F}.Debug|Any CPU.ActiveCfg = Debug|Any CPU
		{8DA3E803-E671-4A1F-A1D5-CB7C4FC1E14F}.Debug|Any CPU.Build.0 = Debug|Any CPU
		{8DA3E803-E671-4A1F-A1D5-CB7C4FC1E14F}.DebugKlein|Any CPU.ActiveCfg = Debug|Any CPU
		{8DA3E803-E671-4A1F-A1D5-CB7C4FC1E14F}.DebugKlein|Any CPU.Build.0 = Debug|Any CPU
		{8DA3E803-E671-4A1F-A1D5-CB7C4FC1E14F}.Release|Any CPU.ActiveCfg = Release|Any CPU
		{8DA3E803-E671-4A1F-A1D5-CB7C4FC1E14F}.Release|Any CPU.Build.0 = Release|Any CPU
		{073C945B-A420-4D20-9CF7-133557EEFE1F}.Debug|Any CPU.ActiveCfg = Debug|Any CPU
		{073C945B-A420-4D20-9CF7-133557EEFE1F}.Debug|Any CPU.Build.0 = Debug|Any CPU
		{073C945B-A420-4D20-9CF7-133557EEFE1F}.DebugKlein|Any CPU.ActiveCfg = Debug|Any CPU
		{073C945B-A420-4D20-9CF7-133557EEFE1F}.DebugKlein|Any CPU.Build.0 = Debug|Any CPU
		{073C945B-A420-4D20-9CF7-133557EEFE1F}.Release|Any CPU.ActiveCfg = Release|Any CPU
		{073C945B-A420-4D20-9CF7-133557EEFE1F}.Release|Any CPU.Build.0 = Release|Any CPU
		{590DF287-6ADD-465E-844F-3213305818AC}.Debug|Any CPU.ActiveCfg = Debug|Any CPU
		{590DF287-6ADD-465E-844F-3213305818AC}.Debug|Any CPU.Build.0 = Debug|Any CPU
		{590DF287-6ADD-465E-844F-3213305818AC}.DebugKlein|Any CPU.ActiveCfg = Debug|Any CPU
		{590DF287-6ADD-465E-844F-3213305818AC}.DebugKlein|Any CPU.Build.0 = Debug|Any CPU
		{590DF287-6ADD-465E-844F-3213305818AC}.Release|Any CPU.ActiveCfg = Release|Any CPU
		{590DF287-6ADD-465E-844F-3213305818AC}.Release|Any CPU.Build.0 = Release|Any CPU
		{D006C9EE-E5A1-49B7-B947-99792D166F4C}.Debug|Any CPU.ActiveCfg = Debug|Any CPU
		{D006C9EE-E5A1-49B7-B947-99792D166F4C}.Debug|Any CPU.Build.0 = Debug|Any CPU
		{D006C9EE-E5A1-49B7-B947-99792D166F4C}.DebugKlein|Any CPU.ActiveCfg = Debug|Any CPU
		{D006C9EE-E5A1-49B7-B947-99792D166F4C}.DebugKlein|Any CPU.Build.0 = Debug|Any CPU
		{D006C9EE-E5A1-49B7-B947-99792D166F4C}.Release|Any CPU.ActiveCfg = Release|Any CPU
		{D006C9EE-E5A1-49B7-B947-99792D166F4C}.Release|Any CPU.Build.0 = Release|Any CPU
		{E08023FB-1A38-4D1A-924F-007DF275634D}.Debug|Any CPU.ActiveCfg = Debug|Any CPU
		{E08023FB-1A38-4D1A-924F-007DF275634D}.Debug|Any CPU.Build.0 = Debug|Any CPU
		{E08023FB-1A38-4D1A-924F-007DF275634D}.DebugKlein|Any CPU.ActiveCfg = Debug|Any CPU
		{E08023FB-1A38-4D1A-924F-007DF275634D}.DebugKlein|Any CPU.Build.0 = Debug|Any CPU
		{E08023FB-1A38-4D1A-924F-007DF275634D}.Release|Any CPU.ActiveCfg = Release|Any CPU
		{E08023FB-1A38-4D1A-924F-007DF275634D}.Release|Any CPU.Build.0 = Release|Any CPU
		{E5204AC5-205F-41DB-9BCA-FF35C011389B}.Debug|Any CPU.ActiveCfg = Debug|Any CPU
		{E5204AC5-205F-41DB-9BCA-FF35C011389B}.Debug|Any CPU.Build.0 = Debug|Any CPU
		{E5204AC5-205F-41DB-9BCA-FF35C011389B}.DebugKlein|Any CPU.ActiveCfg = Debug|Any CPU
		{E5204AC5-205F-41DB-9BCA-FF35C011389B}.DebugKlein|Any CPU.Build.0 = Debug|Any CPU
		{E5204AC5-205F-41DB-9BCA-FF35C011389B}.Release|Any CPU.ActiveCfg = Release|Any CPU
		{E5204AC5-205F-41DB-9BCA-FF35C011389B}.Release|Any CPU.Build.0 = Release|Any CPU
		{D92AE875-04D1-4323-A2C6-5F3EE66D64B4}.Debug|Any CPU.ActiveCfg = Debug|Any CPU
		{D92AE875-04D1-4323-A2C6-5F3EE66D64B4}.Debug|Any CPU.Build.0 = Debug|Any CPU
		{D92AE875-04D1-4323-A2C6-5F3EE66D64B4}.DebugKlein|Any CPU.ActiveCfg = Debug|Any CPU
		{D92AE875-04D1-4323-A2C6-5F3EE66D64B4}.DebugKlein|Any CPU.Build.0 = Debug|Any CPU
		{D92AE875-04D1-4323-A2C6-5F3EE66D64B4}.Release|Any CPU.ActiveCfg = Release|Any CPU
		{D92AE875-04D1-4323-A2C6-5F3EE66D64B4}.Release|Any CPU.Build.0 = Release|Any CPU
		{A5F51390-8967-4E84-9D74-3F74ABD1B516}.Debug|Any CPU.ActiveCfg = Debug|Any CPU
		{A5F51390-8967-4E84-9D74-3F74ABD1B516}.Debug|Any CPU.Build.0 = Debug|Any CPU
		{A5F51390-8967-4E84-9D74-3F74ABD1B516}.DebugKlein|Any CPU.ActiveCfg = Debug|Any CPU
		{A5F51390-8967-4E84-9D74-3F74ABD1B516}.DebugKlein|Any CPU.Build.0 = Debug|Any CPU
		{A5F51390-8967-4E84-9D74-3F74ABD1B516}.Release|Any CPU.ActiveCfg = Release|Any CPU
		{A5F51390-8967-4E84-9D74-3F74ABD1B516}.Release|Any CPU.Build.0 = Release|Any CPU
	EndGlobalSection
	GlobalSection(SolutionProperties) = preSolution
		HideSolutionNode = FALSE
	EndGlobalSection
	GlobalSection(ExtensibilityGlobals) = postSolution
		SolutionGuid = {B39026DA-A279-4C4F-8570-F8E4AEE77EF8}
	EndGlobalSection
EndGlobal
