
Microsoft Visual Studio Solution File, Format Version 12.00
# Visual Studio Version 17
VisualStudioVersion = 17.4.33213.308
MinimumVisualStudioVersion = 10.0.40219.1
Project("{9A19103F-16F7-4668-BE54-9A1E7A4F7556}") = "FormularPortal", "FormularPortal\FormularPortal.csproj", "{EF55A1F9-55BD-4DBB-A2E8-DDC04484DE6E}"
EndProject
Project("{9A19103F-16F7-4668-BE54-9A1E7A4F7556}") = "FormularPortal.Core", "FormularPortal.Core\FormularPortal.Core.csproj", "{5638E729-F748-4F49-B02D-362ECE3A8447}"
EndProject
Project("{9A19103F-16F7-4668-BE54-9A1E7A4F7556}") = "Plk.Blazor.DragDrop", "Plk.Blazor.DragDrop\Plk.Blazor.DragDrop.csproj", "{6D55BD27-2CA5-4794-A9EB-DC213906F16E}"
EndProject
Project("{2150E333-8FDC-42A3-9474-1A3956D46DE8}") = "Projektmappenelemente", "Projektmappenelemente", "{715ADD3A-DD6E-416F-9412-ECC251CAA351}"
	ProjectSection(SolutionItems) = preProject
		MSSQL_INSTALL.sql = MSSQL_INSTALL.sql
		MYSQL_INSTALL.sql = MYSQL_INSTALL.sql
		README.MD = README.MD
	EndProjectSection
EndProject
Project("{9A19103F-16F7-4668-BE54-9A1E7A4F7556}") = "DatabaseControllerProvider", "DatabaseControllerProvider\DatabaseControllerProvider.csproj", "{3B86A930-FFEE-4F5E-BFA8-DBD329EF596C}"
EndProject
Global
	GlobalSection(SolutionConfigurationPlatforms) = preSolution
		Debug|Any CPU = Debug|Any CPU
		Release|Any CPU = Release|Any CPU
	EndGlobalSection
	GlobalSection(ProjectConfigurationPlatforms) = postSolution
		{EF55A1F9-55BD-4DBB-A2E8-DDC04484DE6E}.Debug|Any CPU.ActiveCfg = Debug|Any CPU
		{EF55A1F9-55BD-4DBB-A2E8-DDC04484DE6E}.Debug|Any CPU.Build.0 = Debug|Any CPU
		{EF55A1F9-55BD-4DBB-A2E8-DDC04484DE6E}.Release|Any CPU.ActiveCfg = Release|Any CPU
		{EF55A1F9-55BD-4DBB-A2E8-DDC04484DE6E}.Release|Any CPU.Build.0 = Release|Any CPU
		{5638E729-F748-4F49-B02D-362ECE3A8447}.Debug|Any CPU.ActiveCfg = Debug|Any CPU
		{5638E729-F748-4F49-B02D-362ECE3A8447}.Debug|Any CPU.Build.0 = Debug|Any CPU
		{5638E729-F748-4F49-B02D-362ECE3A8447}.Release|Any CPU.ActiveCfg = Release|Any CPU
		{5638E729-F748-4F49-B02D-362ECE3A8447}.Release|Any CPU.Build.0 = Release|Any CPU
		{6D55BD27-2CA5-4794-A9EB-DC213906F16E}.Debug|Any CPU.ActiveCfg = Debug|Any CPU
		{6D55BD27-2CA5-4794-A9EB-DC213906F16E}.Debug|Any CPU.Build.0 = Debug|Any CPU
		{6D55BD27-2CA5-4794-A9EB-DC213906F16E}.Release|Any CPU.ActiveCfg = Release|Any CPU
		{6D55BD27-2CA5-4794-A9EB-DC213906F16E}.Release|Any CPU.Build.0 = Release|Any CPU
		{3B86A930-FFEE-4F5E-BFA8-DBD329EF596C}.Debug|Any CPU.ActiveCfg = Debug|Any CPU
		{3B86A930-FFEE-4F5E-BFA8-DBD329EF596C}.Debug|Any CPU.Build.0 = Debug|Any CPU
		{3B86A930-FFEE-4F5E-BFA8-DBD329EF596C}.Release|Any CPU.ActiveCfg = Release|Any CPU
		{3B86A930-FFEE-4F5E-BFA8-DBD329EF596C}.Release|Any CPU.Build.0 = Release|Any CPU
	EndGlobalSection
	GlobalSection(SolutionProperties) = preSolution
		HideSolutionNode = FALSE
	EndGlobalSection
	GlobalSection(ExtensibilityGlobals) = postSolution
		SolutionGuid = {B39026DA-A279-4C4F-8570-F8E4AEE77EF8}
	EndGlobalSection
EndGlobal
